// !$*UTF8*$!
{
	archiveVersion = 1;
	classes = {
	};
	objectVersion = 51;
	objects = {

/* Begin PBXBuildFile section */
		40F2C6B16F1C50FD5B52D84D /* Pods_FontChecker_FontCheckerUITests.framework in Frameworks */ = {isa = PBXBuildFile; fileRef = 500C1545BC047A43B0E28111 /* Pods_FontChecker_FontCheckerUITests.framework */; };
		8495B913B9145AEF8C6CF52A /* Pods_FontChecker.framework in Frameworks */ = {isa = PBXBuildFile; fileRef = 48C870633EC1BF43C3787B28 /* Pods_FontChecker.framework */; };
		CF253C6A27F5857B9D8E3987 /* Pods_FontCheckerTests.framework in Frameworks */ = {isa = PBXBuildFile; fileRef = BB7C7C524480CD47CFAA9FF0 /* Pods_FontCheckerTests.framework */; };
		DD22449D23AC86950007065A /* SettingView.swift in Sources */ = {isa = PBXBuildFile; fileRef = DD22449C23AC86950007065A /* SettingView.swift */; };
		DD22449F23AC88920007065A /* ColorView.swift in Sources */ = {isa = PBXBuildFile; fileRef = DD22449E23AC88920007065A /* ColorView.swift */; };
		DD5CCB5323A9E1AE00250A17 /* FontView.swift in Sources */ = {isa = PBXBuildFile; fileRef = DD5CCB5223A9E1AE00250A17 /* FontView.swift */; };
		DD5CCB5523A9E80B00250A17 /* ViewModel.swift in Sources */ = {isa = PBXBuildFile; fileRef = DD5CCB5423A9E80B00250A17 /* ViewModel.swift */; };
		DD6881CD23A9BA6900941FDE /* .swiftlint.yml in Resources */ = {isa = PBXBuildFile; fileRef = DD6881CC23A9BA6900941FDE /* .swiftlint.yml */; };
		DD83EE7023B0A67900972145 /* FontViewModel.swift in Sources */ = {isa = PBXBuildFile; fileRef = DD83EE6F23B0A67900972145 /* FontViewModel.swift */; };
		DD83EE7223B0A6DD00972145 /* ColorViewModel.swift in Sources */ = {isa = PBXBuildFile; fileRef = DD83EE7123B0A6DD00972145 /* ColorViewModel.swift */; };
		DD8FC58C23A89FFD00A9B60F /* AppDelegate.swift in Sources */ = {isa = PBXBuildFile; fileRef = DD8FC58B23A89FFD00A9B60F /* AppDelegate.swift */; };
		DD8FC58E23A89FFD00A9B60F /* SceneDelegate.swift in Sources */ = {isa = PBXBuildFile; fileRef = DD8FC58D23A89FFD00A9B60F /* SceneDelegate.swift */; };
		DD8FC59023A89FFD00A9B60F /* ViewController.swift in Sources */ = {isa = PBXBuildFile; fileRef = DD8FC58F23A89FFD00A9B60F /* ViewController.swift */; };
		DD8FC59523A89FFE00A9B60F /* Assets.xcassets in Resources */ = {isa = PBXBuildFile; fileRef = DD8FC59423A89FFE00A9B60F /* Assets.xcassets */; };
		DD8FC59823A89FFE00A9B60F /* LaunchScreen.storyboard in Resources */ = {isa = PBXBuildFile; fileRef = DD8FC59623A89FFE00A9B60F /* LaunchScreen.storyboard */; };
		DD8FC5A323A89FFE00A9B60F /* FontCheckerTests.swift in Sources */ = {isa = PBXBuildFile; fileRef = DD8FC5A223A89FFE00A9B60F /* FontCheckerTests.swift */; };
		DD8FC5AE23A89FFE00A9B60F /* FontCheckerUITests.swift in Sources */ = {isa = PBXBuildFile; fileRef = DD8FC5AD23A89FFE00A9B60F /* FontCheckerUITests.swift */; };
		DDCC67FC23AB17F60028C5C1 /* Constants.swift in Sources */ = {isa = PBXBuildFile; fileRef = DDCC67FB23AB17F60028C5C1 /* Constants.swift */; };
		DDCC680623AB4BF40028C5C1 /* FCButton.swift in Sources */ = {isa = PBXBuildFile; fileRef = DDCC680523AB4BF40028C5C1 /* FCButton.swift */; };
		DDCC680823AB51170028C5C1 /* UIView+Layout.swift in Sources */ = {isa = PBXBuildFile; fileRef = DDCC680723AB51170028C5C1 /* UIView+Layout.swift */; };
/* End PBXBuildFile section */

/* Begin PBXContainerItemProxy section */
		DD8FC59F23A89FFE00A9B60F /* PBXContainerItemProxy */ = {
			isa = PBXContainerItemProxy;
			containerPortal = DD8FC58023A89FFD00A9B60F /* Project object */;
			proxyType = 1;
			remoteGlobalIDString = DD8FC58723A89FFD00A9B60F;
			remoteInfo = FontChecker;
		};
		DD8FC5AA23A89FFE00A9B60F /* PBXContainerItemProxy */ = {
			isa = PBXContainerItemProxy;
			containerPortal = DD8FC58023A89FFD00A9B60F /* Project object */;
			proxyType = 1;
			remoteGlobalIDString = DD8FC58723A89FFD00A9B60F;
			remoteInfo = FontChecker;
		};
/* End PBXContainerItemProxy section */

/* Begin PBXFileReference section */
		03155E694E8A694D73468AA5 /* Pods-FontCheckerTests.debug.xcconfig */ = {isa = PBXFileReference; includeInIndex = 1; lastKnownFileType = text.xcconfig; name = "Pods-FontCheckerTests.debug.xcconfig"; path = "Target Support Files/Pods-FontCheckerTests/Pods-FontCheckerTests.debug.xcconfig"; sourceTree = "<group>"; };
		162E27229BF8D5D9DC495963 /* Pods-FontChecker.release.xcconfig */ = {isa = PBXFileReference; includeInIndex = 1; lastKnownFileType = text.xcconfig; name = "Pods-FontChecker.release.xcconfig"; path = "Target Support Files/Pods-FontChecker/Pods-FontChecker.release.xcconfig"; sourceTree = "<group>"; };
		48C870633EC1BF43C3787B28 /* Pods_FontChecker.framework */ = {isa = PBXFileReference; explicitFileType = wrapper.framework; includeInIndex = 0; path = Pods_FontChecker.framework; sourceTree = BUILT_PRODUCTS_DIR; };
		500C1545BC047A43B0E28111 /* Pods_FontChecker_FontCheckerUITests.framework */ = {isa = PBXFileReference; explicitFileType = wrapper.framework; includeInIndex = 0; path = Pods_FontChecker_FontCheckerUITests.framework; sourceTree = BUILT_PRODUCTS_DIR; };
		5C1227A44C1DA9ABE60A07A3 /* Pods-FontChecker-FontCheckerUITests.debug.xcconfig */ = {isa = PBXFileReference; includeInIndex = 1; lastKnownFileType = text.xcconfig; name = "Pods-FontChecker-FontCheckerUITests.debug.xcconfig"; path = "Target Support Files/Pods-FontChecker-FontCheckerUITests/Pods-FontChecker-FontCheckerUITests.debug.xcconfig"; sourceTree = "<group>"; };
		7A84A345651D9DD5BA0CE4E4 /* Pods-FontChecker-FontCheckerUITests.release.xcconfig */ = {isa = PBXFileReference; includeInIndex = 1; lastKnownFileType = text.xcconfig; name = "Pods-FontChecker-FontCheckerUITests.release.xcconfig"; path = "Target Support Files/Pods-FontChecker-FontCheckerUITests/Pods-FontChecker-FontCheckerUITests.release.xcconfig"; sourceTree = "<group>"; };
		A33B6CCCBBF0466D5C33006C /* Pods-FontChecker.debug.xcconfig */ = {isa = PBXFileReference; includeInIndex = 1; lastKnownFileType = text.xcconfig; name = "Pods-FontChecker.debug.xcconfig"; path = "Target Support Files/Pods-FontChecker/Pods-FontChecker.debug.xcconfig"; sourceTree = "<group>"; };
		BB7C7C524480CD47CFAA9FF0 /* Pods_FontCheckerTests.framework */ = {isa = PBXFileReference; explicitFileType = wrapper.framework; includeInIndex = 0; path = Pods_FontCheckerTests.framework; sourceTree = BUILT_PRODUCTS_DIR; };
		C1E5154C9AA2C55E57D0C8AC /* Pods-FontCheckerTests.release.xcconfig */ = {isa = PBXFileReference; includeInIndex = 1; lastKnownFileType = text.xcconfig; name = "Pods-FontCheckerTests.release.xcconfig"; path = "Target Support Files/Pods-FontCheckerTests/Pods-FontCheckerTests.release.xcconfig"; sourceTree = "<group>"; };
		DD22449C23AC86950007065A /* SettingView.swift */ = {isa = PBXFileReference; lastKnownFileType = sourcecode.swift; path = SettingView.swift; sourceTree = "<group>"; };
		DD22449E23AC88920007065A /* ColorView.swift */ = {isa = PBXFileReference; lastKnownFileType = sourcecode.swift; path = ColorView.swift; sourceTree = "<group>"; };
		DD5CCB5223A9E1AE00250A17 /* FontView.swift */ = {isa = PBXFileReference; lastKnownFileType = sourcecode.swift; path = FontView.swift; sourceTree = "<group>"; };
		DD5CCB5423A9E80B00250A17 /* ViewModel.swift */ = {isa = PBXFileReference; lastKnownFileType = sourcecode.swift; path = ViewModel.swift; sourceTree = "<group>"; };
		DD6881CC23A9BA6900941FDE /* .swiftlint.yml */ = {isa = PBXFileReference; lastKnownFileType = text.yaml; path = .swiftlint.yml; sourceTree = "<group>"; };
		DD83EE6F23B0A67900972145 /* FontViewModel.swift */ = {isa = PBXFileReference; lastKnownFileType = sourcecode.swift; path = FontViewModel.swift; sourceTree = "<group>"; };
		DD83EE7123B0A6DD00972145 /* ColorViewModel.swift */ = {isa = PBXFileReference; lastKnownFileType = sourcecode.swift; path = ColorViewModel.swift; sourceTree = "<group>"; };
		DD8FC58823A89FFD00A9B60F /* FontChecker.app */ = {isa = PBXFileReference; explicitFileType = wrapper.application; includeInIndex = 0; path = FontChecker.app; sourceTree = BUILT_PRODUCTS_DIR; };
		DD8FC58B23A89FFD00A9B60F /* AppDelegate.swift */ = {isa = PBXFileReference; lastKnownFileType = sourcecode.swift; path = AppDelegate.swift; sourceTree = "<group>"; };
		DD8FC58D23A89FFD00A9B60F /* SceneDelegate.swift */ = {isa = PBXFileReference; lastKnownFileType = sourcecode.swift; path = SceneDelegate.swift; sourceTree = "<group>"; };
		DD8FC58F23A89FFD00A9B60F /* ViewController.swift */ = {isa = PBXFileReference; lastKnownFileType = sourcecode.swift; path = ViewController.swift; sourceTree = "<group>"; };
		DD8FC59423A89FFE00A9B60F /* Assets.xcassets */ = {isa = PBXFileReference; lastKnownFileType = folder.assetcatalog; path = Assets.xcassets; sourceTree = "<group>"; };
		DD8FC59723A89FFE00A9B60F /* Base */ = {isa = PBXFileReference; lastKnownFileType = file.storyboard; name = Base; path = Base.lproj/LaunchScreen.storyboard; sourceTree = "<group>"; };
		DD8FC59923A89FFE00A9B60F /* Info.plist */ = {isa = PBXFileReference; lastKnownFileType = text.plist.xml; path = Info.plist; sourceTree = "<group>"; };
		DD8FC59E23A89FFE00A9B60F /* FontCheckerTests.xctest */ = {isa = PBXFileReference; explicitFileType = wrapper.cfbundle; includeInIndex = 0; path = FontCheckerTests.xctest; sourceTree = BUILT_PRODUCTS_DIR; };
		DD8FC5A223A89FFE00A9B60F /* FontCheckerTests.swift */ = {isa = PBXFileReference; lastKnownFileType = sourcecode.swift; path = FontCheckerTests.swift; sourceTree = "<group>"; };
		DD8FC5A423A89FFE00A9B60F /* Info.plist */ = {isa = PBXFileReference; lastKnownFileType = text.plist.xml; path = Info.plist; sourceTree = "<group>"; };
		DD8FC5A923A89FFE00A9B60F /* FontCheckerUITests.xctest */ = {isa = PBXFileReference; explicitFileType = wrapper.cfbundle; includeInIndex = 0; path = FontCheckerUITests.xctest; sourceTree = BUILT_PRODUCTS_DIR; };
		DD8FC5AD23A89FFE00A9B60F /* FontCheckerUITests.swift */ = {isa = PBXFileReference; lastKnownFileType = sourcecode.swift; path = FontCheckerUITests.swift; sourceTree = "<group>"; };
		DD8FC5AF23A89FFE00A9B60F /* Info.plist */ = {isa = PBXFileReference; lastKnownFileType = text.plist.xml; path = Info.plist; sourceTree = "<group>"; };
		DDCC67FB23AB17F60028C5C1 /* Constants.swift */ = {isa = PBXFileReference; lastKnownFileType = sourcecode.swift; path = Constants.swift; sourceTree = "<group>"; };
		DDCC680523AB4BF40028C5C1 /* FCButton.swift */ = {isa = PBXFileReference; lastKnownFileType = sourcecode.swift; path = FCButton.swift; sourceTree = "<group>"; };
		DDCC680723AB51170028C5C1 /* UIView+Layout.swift */ = {isa = PBXFileReference; lastKnownFileType = sourcecode.swift; path = "UIView+Layout.swift"; sourceTree = "<group>"; };
/* End PBXFileReference section */

/* Begin PBXFrameworksBuildPhase section */
		DD8FC58523A89FFD00A9B60F /* Frameworks */ = {
			isa = PBXFrameworksBuildPhase;
			buildActionMask = 2147483647;
			files = (
				8495B913B9145AEF8C6CF52A /* Pods_FontChecker.framework in Frameworks */,
			);
			runOnlyForDeploymentPostprocessing = 0;
		};
		DD8FC59B23A89FFE00A9B60F /* Frameworks */ = {
			isa = PBXFrameworksBuildPhase;
			buildActionMask = 2147483647;
			files = (
				CF253C6A27F5857B9D8E3987 /* Pods_FontCheckerTests.framework in Frameworks */,
			);
			runOnlyForDeploymentPostprocessing = 0;
		};
		DD8FC5A623A89FFE00A9B60F /* Frameworks */ = {
			isa = PBXFrameworksBuildPhase;
			buildActionMask = 2147483647;
			files = (
				40F2C6B16F1C50FD5B52D84D /* Pods_FontChecker_FontCheckerUITests.framework in Frameworks */,
			);
			runOnlyForDeploymentPostprocessing = 0;
		};
/* End PBXFrameworksBuildPhase section */

/* Begin PBXGroup section */
		DD22449B23AC86330007065A /* Components */ = {
			isa = PBXGroup;
			children = (
				DD22449C23AC86950007065A /* SettingView.swift */,
				DD83EE7323B0A6FF00972145 /* Font */,
				DD83EE7423B0A70800972145 /* Color */,
			);
			path = Components;
			sourceTree = "<group>";
		};
		DD83EE7323B0A6FF00972145 /* Font */ = {
			isa = PBXGroup;
			children = (
				DD5CCB5223A9E1AE00250A17 /* FontView.swift */,
				DD83EE6F23B0A67900972145 /* FontViewModel.swift */,
			);
			path = Font;
			sourceTree = "<group>";
		};
		DD83EE7423B0A70800972145 /* Color */ = {
			isa = PBXGroup;
			children = (
				DD22449E23AC88920007065A /* ColorView.swift */,
				DD83EE7123B0A6DD00972145 /* ColorViewModel.swift */,
			);
			path = Color;
			sourceTree = "<group>";
		};
		DD8FC57F23A89FFD00A9B60F = {
			isa = PBXGroup;
			children = (
				DD6881CC23A9BA6900941FDE /* .swiftlint.yml */,
				DD8FC58A23A89FFD00A9B60F /* FontChecker */,
				DD8FC5A123A89FFE00A9B60F /* FontCheckerTests */,
				DD8FC5AC23A89FFE00A9B60F /* FontCheckerUITests */,
				DD8FC58923A89FFD00A9B60F /* Products */,
				DFFF24710D767A66589BA1C7 /* Pods */,
				FD4B6F0DAB6C8D3CDF9D8C47 /* Frameworks */,
			);
			sourceTree = "<group>";
		};
		DD8FC58923A89FFD00A9B60F /* Products */ = {
			isa = PBXGroup;
			children = (
				DD8FC58823A89FFD00A9B60F /* FontChecker.app */,
				DD8FC59E23A89FFE00A9B60F /* FontCheckerTests.xctest */,
				DD8FC5A923A89FFE00A9B60F /* FontCheckerUITests.xctest */,
			);
			name = Products;
			sourceTree = "<group>";
		};
		DD8FC58A23A89FFD00A9B60F /* FontChecker */ = {
			isa = PBXGroup;
			children = (
				DD8FC5BF23A8A6B200A9B60F /* Source */,
				DD8FC5BD23A8A5C600A9B60F /* Supports */,
				DD8FC5BE23A8A5D000A9B60F /* Resources */,
			);
			path = FontChecker;
			sourceTree = "<group>";
		};
		DD8FC5A123A89FFE00A9B60F /* FontCheckerTests */ = {
			isa = PBXGroup;
			children = (
				DD8FC5A223A89FFE00A9B60F /* FontCheckerTests.swift */,
				DD8FC5A423A89FFE00A9B60F /* Info.plist */,
			);
			path = FontCheckerTests;
			sourceTree = "<group>";
		};
		DD8FC5AC23A89FFE00A9B60F /* FontCheckerUITests */ = {
			isa = PBXGroup;
			children = (
				DD8FC5AD23A89FFE00A9B60F /* FontCheckerUITests.swift */,
				DD8FC5AF23A89FFE00A9B60F /* Info.plist */,
			);
			path = FontCheckerUITests;
			sourceTree = "<group>";
		};
		DD8FC5BB23A8A59400A9B60F /* Views */ = {
			isa = PBXGroup;
			children = (
				DD8FC58F23A89FFD00A9B60F /* ViewController.swift */,
				DD5CCB5423A9E80B00250A17 /* ViewModel.swift */,
				DD22449B23AC86330007065A /* Components */,
				DDCC67FF23AB3EFC0028C5C1 /* Commons */,
			);
			path = Views;
			sourceTree = "<group>";
		};
		DD8FC5BD23A8A5C600A9B60F /* Supports */ = {
			isa = PBXGroup;
			children = (
				DD8FC59923A89FFE00A9B60F /* Info.plist */,
			);
			path = Supports;
			sourceTree = "<group>";
		};
		DD8FC5BE23A8A5D000A9B60F /* Resources */ = {
			isa = PBXGroup;
			children = (
				DD8FC59423A89FFE00A9B60F /* Assets.xcassets */,
				DD8FC59623A89FFE00A9B60F /* LaunchScreen.storyboard */,
			);
			path = Resources;
			sourceTree = "<group>";
		};
		DD8FC5BF23A8A6B200A9B60F /* Source */ = {
			isa = PBXGroup;
			children = (
				DD8FC5BB23A8A59400A9B60F /* Views */,
				DDCC67FA23AB17DB0028C5C1 /* Constants */,
				DDCC680223AB45740028C5C1 /* Extension */,
				DD8FC58B23A89FFD00A9B60F /* AppDelegate.swift */,
				DD8FC58D23A89FFD00A9B60F /* SceneDelegate.swift */,
			);
			path = Source;
			sourceTree = "<group>";
		};
		DDCC67FA23AB17DB0028C5C1 /* Constants */ = {
			isa = PBXGroup;
			children = (
				DDCC67FB23AB17F60028C5C1 /* Constants.swift */,
			);
			path = Constants;
			sourceTree = "<group>";
		};
		DDCC67FF23AB3EFC0028C5C1 /* Commons */ = {
			isa = PBXGroup;
			children = (
				DDCC680523AB4BF40028C5C1 /* FCButton.swift */,
			);
			path = Commons;
			sourceTree = "<group>";
		};
		DDCC680223AB45740028C5C1 /* Extension */ = {
			isa = PBXGroup;
			children = (
				DDCC680723AB51170028C5C1 /* UIView+Layout.swift */,
			);
			path = Extension;
			sourceTree = "<group>";
		};
		DFFF24710D767A66589BA1C7 /* Pods */ = {
			isa = PBXGroup;
			children = (
				A33B6CCCBBF0466D5C33006C /* Pods-FontChecker.debug.xcconfig */,
				162E27229BF8D5D9DC495963 /* Pods-FontChecker.release.xcconfig */,
				5C1227A44C1DA9ABE60A07A3 /* Pods-FontChecker-FontCheckerUITests.debug.xcconfig */,
				7A84A345651D9DD5BA0CE4E4 /* Pods-FontChecker-FontCheckerUITests.release.xcconfig */,
				03155E694E8A694D73468AA5 /* Pods-FontCheckerTests.debug.xcconfig */,
				C1E5154C9AA2C55E57D0C8AC /* Pods-FontCheckerTests.release.xcconfig */,
			);
			path = Pods;
			sourceTree = "<group>";
		};
		FD4B6F0DAB6C8D3CDF9D8C47 /* Frameworks */ = {
			isa = PBXGroup;
			children = (
				48C870633EC1BF43C3787B28 /* Pods_FontChecker.framework */,
				500C1545BC047A43B0E28111 /* Pods_FontChecker_FontCheckerUITests.framework */,
				BB7C7C524480CD47CFAA9FF0 /* Pods_FontCheckerTests.framework */,
			);
			name = Frameworks;
			sourceTree = "<group>";
		};
/* End PBXGroup section */

/* Begin PBXNativeTarget section */
		DD8FC58723A89FFD00A9B60F /* FontChecker */ = {
			isa = PBXNativeTarget;
			buildConfigurationList = DD8FC5B223A89FFE00A9B60F /* Build configuration list for PBXNativeTarget "FontChecker" */;
			buildPhases = (
				D38F3025702CB77F83ED9343 /* [CP] Check Pods Manifest.lock */,
				DD8FC58423A89FFD00A9B60F /* Sources */,
				DD8FC58523A89FFD00A9B60F /* Frameworks */,
				DD8FC58623A89FFD00A9B60F /* Resources */,
				C5431FA6C940C6456E23575F /* [CP] Embed Pods Frameworks */,
				DD6881CB23A9B9D700941FDE /* ShellScript */,
			);
			buildRules = (
			);
			dependencies = (
			);
			name = FontChecker;
			productName = FontChecker;
			productReference = DD8FC58823A89FFD00A9B60F /* FontChecker.app */;
			productType = "com.apple.product-type.application";
		};
		DD8FC59D23A89FFE00A9B60F /* FontCheckerTests */ = {
			isa = PBXNativeTarget;
			buildConfigurationList = DD8FC5B523A89FFE00A9B60F /* Build configuration list for PBXNativeTarget "FontCheckerTests" */;
			buildPhases = (
				B8A1E6AE6014C1D2B8504FD4 /* [CP] Check Pods Manifest.lock */,
				DD8FC59A23A89FFE00A9B60F /* Sources */,
				DD8FC59B23A89FFE00A9B60F /* Frameworks */,
				DD8FC59C23A89FFE00A9B60F /* Resources */,
			);
			buildRules = (
			);
			dependencies = (
				DD8FC5A023A89FFE00A9B60F /* PBXTargetDependency */,
			);
			name = FontCheckerTests;
			productName = FontCheckerTests;
			productReference = DD8FC59E23A89FFE00A9B60F /* FontCheckerTests.xctest */;
			productType = "com.apple.product-type.bundle.unit-test";
		};
		DD8FC5A823A89FFE00A9B60F /* FontCheckerUITests */ = {
			isa = PBXNativeTarget;
			buildConfigurationList = DD8FC5B823A89FFE00A9B60F /* Build configuration list for PBXNativeTarget "FontCheckerUITests" */;
			buildPhases = (
				BC39F779D3AF1D7E6DB3E54E /* [CP] Check Pods Manifest.lock */,
				DD8FC5A523A89FFE00A9B60F /* Sources */,
				DD8FC5A623A89FFE00A9B60F /* Frameworks */,
				DD8FC5A723A89FFE00A9B60F /* Resources */,
				AD1E381A781BB32C33018278 /* [CP] Embed Pods Frameworks */,
			);
			buildRules = (
			);
			dependencies = (
				DD8FC5AB23A89FFE00A9B60F /* PBXTargetDependency */,
			);
			name = FontCheckerUITests;
			productName = FontCheckerUITests;
			productReference = DD8FC5A923A89FFE00A9B60F /* FontCheckerUITests.xctest */;
			productType = "com.apple.product-type.bundle.ui-testing";
		};
/* End PBXNativeTarget section */

/* Begin PBXProject section */
		DD8FC58023A89FFD00A9B60F /* Project object */ = {
			isa = PBXProject;
			attributes = {
				LastSwiftUpdateCheck = 1120;
				LastUpgradeCheck = 1120;
				ORGANIZATIONNAME = "김효원";
				TargetAttributes = {
					DD8FC58723A89FFD00A9B60F = {
						CreatedOnToolsVersion = 11.2.1;
					};
					DD8FC59D23A89FFE00A9B60F = {
						CreatedOnToolsVersion = 11.2.1;
						TestTargetID = DD8FC58723A89FFD00A9B60F;
					};
					DD8FC5A823A89FFE00A9B60F = {
						CreatedOnToolsVersion = 11.2.1;
						TestTargetID = DD8FC58723A89FFD00A9B60F;
					};
				};
			};
			buildConfigurationList = DD8FC58323A89FFD00A9B60F /* Build configuration list for PBXProject "FontChecker" */;
			compatibilityVersion = "Xcode 9.3";
			developmentRegion = en;
			hasScannedForEncodings = 0;
			knownRegions = (
				en,
				Base,
			);
			mainGroup = DD8FC57F23A89FFD00A9B60F;
			productRefGroup = DD8FC58923A89FFD00A9B60F /* Products */;
			projectDirPath = "";
			projectRoot = "";
			targets = (
				DD8FC58723A89FFD00A9B60F /* FontChecker */,
				DD8FC59D23A89FFE00A9B60F /* FontCheckerTests */,
				DD8FC5A823A89FFE00A9B60F /* FontCheckerUITests */,
			);
		};
/* End PBXProject section */

/* Begin PBXResourcesBuildPhase section */
		DD8FC58623A89FFD00A9B60F /* Resources */ = {
			isa = PBXResourcesBuildPhase;
			buildActionMask = 2147483647;
			files = (
				DD6881CD23A9BA6900941FDE /* .swiftlint.yml in Resources */,
				DD8FC59823A89FFE00A9B60F /* LaunchScreen.storyboard in Resources */,
				DD8FC59523A89FFE00A9B60F /* Assets.xcassets in Resources */,
			);
			runOnlyForDeploymentPostprocessing = 0;
		};
		DD8FC59C23A89FFE00A9B60F /* Resources */ = {
			isa = PBXResourcesBuildPhase;
			buildActionMask = 2147483647;
			files = (
			);
			runOnlyForDeploymentPostprocessing = 0;
		};
		DD8FC5A723A89FFE00A9B60F /* Resources */ = {
			isa = PBXResourcesBuildPhase;
			buildActionMask = 2147483647;
			files = (
			);
			runOnlyForDeploymentPostprocessing = 0;
		};
/* End PBXResourcesBuildPhase section */

/* Begin PBXShellScriptBuildPhase section */
		AD1E381A781BB32C33018278 /* [CP] Embed Pods Frameworks */ = {
			isa = PBXShellScriptBuildPhase;
			buildActionMask = 2147483647;
			files = (
			);
			inputFileListPaths = (
				"${PODS_ROOT}/Target Support Files/Pods-FontChecker-FontCheckerUITests/Pods-FontChecker-FontCheckerUITests-frameworks-${CONFIGURATION}-input-files.xcfilelist",
			);
			name = "[CP] Embed Pods Frameworks";
			outputFileListPaths = (
				"${PODS_ROOT}/Target Support Files/Pods-FontChecker-FontCheckerUITests/Pods-FontChecker-FontCheckerUITests-frameworks-${CONFIGURATION}-output-files.xcfilelist",
			);
			runOnlyForDeploymentPostprocessing = 0;
			shellPath = /bin/sh;
			shellScript = "\"${PODS_ROOT}/Target Support Files/Pods-FontChecker-FontCheckerUITests/Pods-FontChecker-FontCheckerUITests-frameworks.sh\"\n";
			showEnvVarsInLog = 0;
		};
		B8A1E6AE6014C1D2B8504FD4 /* [CP] Check Pods Manifest.lock */ = {
			isa = PBXShellScriptBuildPhase;
			buildActionMask = 2147483647;
			files = (
			);
			inputFileListPaths = (
			);
			inputPaths = (
				"${PODS_PODFILE_DIR_PATH}/Podfile.lock",
				"${PODS_ROOT}/Manifest.lock",
			);
			name = "[CP] Check Pods Manifest.lock";
			outputFileListPaths = (
			);
			outputPaths = (
				"$(DERIVED_FILE_DIR)/Pods-FontCheckerTests-checkManifestLockResult.txt",
			);
			runOnlyForDeploymentPostprocessing = 0;
			shellPath = /bin/sh;
			shellScript = "diff \"${PODS_PODFILE_DIR_PATH}/Podfile.lock\" \"${PODS_ROOT}/Manifest.lock\" > /dev/null\nif [ $? != 0 ] ; then\n    # print error to STDERR\n    echo \"error: The sandbox is not in sync with the Podfile.lock. Run 'pod install' or update your CocoaPods installation.\" >&2\n    exit 1\nfi\n# This output is used by Xcode 'outputs' to avoid re-running this script phase.\necho \"SUCCESS\" > \"${SCRIPT_OUTPUT_FILE_0}\"\n";
			showEnvVarsInLog = 0;
		};
		BC39F779D3AF1D7E6DB3E54E /* [CP] Check Pods Manifest.lock */ = {
			isa = PBXShellScriptBuildPhase;
			buildActionMask = 2147483647;
			files = (
			);
			inputFileListPaths = (
			);
			inputPaths = (
				"${PODS_PODFILE_DIR_PATH}/Podfile.lock",
				"${PODS_ROOT}/Manifest.lock",
			);
			name = "[CP] Check Pods Manifest.lock";
			outputFileListPaths = (
			);
			outputPaths = (
				"$(DERIVED_FILE_DIR)/Pods-FontChecker-FontCheckerUITests-checkManifestLockResult.txt",
			);
			runOnlyForDeploymentPostprocessing = 0;
			shellPath = /bin/sh;
			shellScript = "diff \"${PODS_PODFILE_DIR_PATH}/Podfile.lock\" \"${PODS_ROOT}/Manifest.lock\" > /dev/null\nif [ $? != 0 ] ; then\n    # print error to STDERR\n    echo \"error: The sandbox is not in sync with the Podfile.lock. Run 'pod install' or update your CocoaPods installation.\" >&2\n    exit 1\nfi\n# This output is used by Xcode 'outputs' to avoid re-running this script phase.\necho \"SUCCESS\" > \"${SCRIPT_OUTPUT_FILE_0}\"\n";
			showEnvVarsInLog = 0;
		};
		C5431FA6C940C6456E23575F /* [CP] Embed Pods Frameworks */ = {
			isa = PBXShellScriptBuildPhase;
			buildActionMask = 2147483647;
			files = (
			);
			inputFileListPaths = (
				"${PODS_ROOT}/Target Support Files/Pods-FontChecker/Pods-FontChecker-frameworks-${CONFIGURATION}-input-files.xcfilelist",
			);
			name = "[CP] Embed Pods Frameworks";
			outputFileListPaths = (
				"${PODS_ROOT}/Target Support Files/Pods-FontChecker/Pods-FontChecker-frameworks-${CONFIGURATION}-output-files.xcfilelist",
			);
			runOnlyForDeploymentPostprocessing = 0;
			shellPath = /bin/sh;
			shellScript = "\"${PODS_ROOT}/Target Support Files/Pods-FontChecker/Pods-FontChecker-frameworks.sh\"\n";
			showEnvVarsInLog = 0;
		};
		D38F3025702CB77F83ED9343 /* [CP] Check Pods Manifest.lock */ = {
			isa = PBXShellScriptBuildPhase;
			buildActionMask = 2147483647;
			files = (
			);
			inputFileListPaths = (
			);
			inputPaths = (
				"${PODS_PODFILE_DIR_PATH}/Podfile.lock",
				"${PODS_ROOT}/Manifest.lock",
			);
			name = "[CP] Check Pods Manifest.lock";
			outputFileListPaths = (
			);
			outputPaths = (
				"$(DERIVED_FILE_DIR)/Pods-FontChecker-checkManifestLockResult.txt",
			);
			runOnlyForDeploymentPostprocessing = 0;
			shellPath = /bin/sh;
			shellScript = "diff \"${PODS_PODFILE_DIR_PATH}/Podfile.lock\" \"${PODS_ROOT}/Manifest.lock\" > /dev/null\nif [ $? != 0 ] ; then\n    # print error to STDERR\n    echo \"error: The sandbox is not in sync with the Podfile.lock. Run 'pod install' or update your CocoaPods installation.\" >&2\n    exit 1\nfi\n# This output is used by Xcode 'outputs' to avoid re-running this script phase.\necho \"SUCCESS\" > \"${SCRIPT_OUTPUT_FILE_0}\"\n";
			showEnvVarsInLog = 0;
		};
		DD6881CB23A9B9D700941FDE /* ShellScript */ = {
			isa = PBXShellScriptBuildPhase;
			buildActionMask = 2147483647;
			files = (
			);
			inputFileListPaths = (
			);
			inputPaths = (
			);
			outputFileListPaths = (
			);
			outputPaths = (
			);
			runOnlyForDeploymentPostprocessing = 0;
			shellPath = /bin/sh;
			shellScript = "${PODS_ROOT}/SwiftLint/swiftlint\n";
		};
/* End PBXShellScriptBuildPhase section */

/* Begin PBXSourcesBuildPhase section */
		DD8FC58423A89FFD00A9B60F /* Sources */ = {
			isa = PBXSourcesBuildPhase;
			buildActionMask = 2147483647;
			files = (
				DDCC680823AB51170028C5C1 /* UIView+Layout.swift in Sources */,
				DD83EE7223B0A6DD00972145 /* ColorViewModel.swift in Sources */,
				DD5CCB5523A9E80B00250A17 /* ViewModel.swift in Sources */,
				DD22449D23AC86950007065A /* SettingView.swift in Sources */,
				DD8FC59023A89FFD00A9B60F /* ViewController.swift in Sources */,
				DD83EE7023B0A67900972145 /* FontViewModel.swift in Sources */,
				DD5CCB5323A9E1AE00250A17 /* FontView.swift in Sources */,
				DD8FC58C23A89FFD00A9B60F /* AppDelegate.swift in Sources */,
				DD8FC58E23A89FFD00A9B60F /* SceneDelegate.swift in Sources */,
				DDCC680623AB4BF40028C5C1 /* FCButton.swift in Sources */,
				DDCC67FC23AB17F60028C5C1 /* Constants.swift in Sources */,
				DD22449F23AC88920007065A /* ColorView.swift in Sources */,
			);
			runOnlyForDeploymentPostprocessing = 0;
		};
		DD8FC59A23A89FFE00A9B60F /* Sources */ = {
			isa = PBXSourcesBuildPhase;
			buildActionMask = 2147483647;
			files = (
				DD8FC5A323A89FFE00A9B60F /* FontCheckerTests.swift in Sources */,
			);
			runOnlyForDeploymentPostprocessing = 0;
		};
		DD8FC5A523A89FFE00A9B60F /* Sources */ = {
			isa = PBXSourcesBuildPhase;
			buildActionMask = 2147483647;
			files = (
				DD8FC5AE23A89FFE00A9B60F /* FontCheckerUITests.swift in Sources */,
			);
			runOnlyForDeploymentPostprocessing = 0;
		};
/* End PBXSourcesBuildPhase section */

/* Begin PBXTargetDependency section */
		DD8FC5A023A89FFE00A9B60F /* PBXTargetDependency */ = {
			isa = PBXTargetDependency;
			target = DD8FC58723A89FFD00A9B60F /* FontChecker */;
			targetProxy = DD8FC59F23A89FFE00A9B60F /* PBXContainerItemProxy */;
		};
		DD8FC5AB23A89FFE00A9B60F /* PBXTargetDependency */ = {
			isa = PBXTargetDependency;
			target = DD8FC58723A89FFD00A9B60F /* FontChecker */;
			targetProxy = DD8FC5AA23A89FFE00A9B60F /* PBXContainerItemProxy */;
		};
/* End PBXTargetDependency section */

/* Begin PBXVariantGroup section */
		DD8FC59623A89FFE00A9B60F /* LaunchScreen.storyboard */ = {
			isa = PBXVariantGroup;
			children = (
				DD8FC59723A89FFE00A9B60F /* Base */,
			);
			name = LaunchScreen.storyboard;
			sourceTree = "<group>";
		};
/* End PBXVariantGroup section */

/* Begin XCBuildConfiguration section */
		DD8FC5B023A89FFE00A9B60F /* Debug */ = {
			isa = XCBuildConfiguration;
			buildSettings = {
				ALWAYS_SEARCH_USER_PATHS = NO;
				CLANG_ANALYZER_NONNULL = YES;
				CLANG_ANALYZER_NUMBER_OBJECT_CONVERSION = YES_AGGRESSIVE;
				CLANG_CXX_LANGUAGE_STANDARD = "gnu++14";
				CLANG_CXX_LIBRARY = "libc++";
				CLANG_ENABLE_MODULES = YES;
				CLANG_ENABLE_OBJC_ARC = YES;
				CLANG_ENABLE_OBJC_WEAK = YES;
				CLANG_WARN_BLOCK_CAPTURE_AUTORELEASING = YES;
				CLANG_WARN_BOOL_CONVERSION = YES;
				CLANG_WARN_COMMA = YES;
				CLANG_WARN_CONSTANT_CONVERSION = YES;
				CLANG_WARN_DEPRECATED_OBJC_IMPLEMENTATIONS = YES;
				CLANG_WARN_DIRECT_OBJC_ISA_USAGE = YES_ERROR;
				CLANG_WARN_DOCUMENTATION_COMMENTS = YES;
				CLANG_WARN_EMPTY_BODY = YES;
				CLANG_WARN_ENUM_CONVERSION = YES;
				CLANG_WARN_INFINITE_RECURSION = YES;
				CLANG_WARN_INT_CONVERSION = YES;
				CLANG_WARN_NON_LITERAL_NULL_CONVERSION = YES;
				CLANG_WARN_OBJC_IMPLICIT_RETAIN_SELF = YES;
				CLANG_WARN_OBJC_LITERAL_CONVERSION = YES;
				CLANG_WARN_OBJC_ROOT_CLASS = YES_ERROR;
				CLANG_WARN_RANGE_LOOP_ANALYSIS = YES;
				CLANG_WARN_STRICT_PROTOTYPES = YES;
				CLANG_WARN_SUSPICIOUS_MOVE = YES;
				CLANG_WARN_UNGUARDED_AVAILABILITY = YES_AGGRESSIVE;
				CLANG_WARN_UNREACHABLE_CODE = YES;
				CLANG_WARN__DUPLICATE_METHOD_MATCH = YES;
				COPY_PHASE_STRIP = NO;
				DEBUG_INFORMATION_FORMAT = dwarf;
				ENABLE_STRICT_OBJC_MSGSEND = YES;
				ENABLE_TESTABILITY = YES;
				GCC_C_LANGUAGE_STANDARD = gnu11;
				GCC_DYNAMIC_NO_PIC = NO;
				GCC_NO_COMMON_BLOCKS = YES;
				GCC_OPTIMIZATION_LEVEL = 0;
				GCC_PREPROCESSOR_DEFINITIONS = (
					"DEBUG=1",
					"$(inherited)",
				);
				GCC_WARN_64_TO_32_BIT_CONVERSION = YES;
				GCC_WARN_ABOUT_RETURN_TYPE = YES_ERROR;
				GCC_WARN_UNDECLARED_SELECTOR = YES;
				GCC_WARN_UNINITIALIZED_AUTOS = YES_AGGRESSIVE;
				GCC_WARN_UNUSED_FUNCTION = YES;
				GCC_WARN_UNUSED_VARIABLE = YES;
				IPHONEOS_DEPLOYMENT_TARGET = 13.2;
				MTL_ENABLE_DEBUG_INFO = INCLUDE_SOURCE;
				MTL_FAST_MATH = YES;
				ONLY_ACTIVE_ARCH = YES;
				SDKROOT = iphoneos;
				SWIFT_ACTIVE_COMPILATION_CONDITIONS = DEBUG;
				SWIFT_OPTIMIZATION_LEVEL = "-Onone";
			};
			name = Debug;
		};
		DD8FC5B123A89FFE00A9B60F /* Release */ = {
			isa = XCBuildConfiguration;
			buildSettings = {
				ALWAYS_SEARCH_USER_PATHS = NO;
				CLANG_ANALYZER_NONNULL = YES;
				CLANG_ANALYZER_NUMBER_OBJECT_CONVERSION = YES_AGGRESSIVE;
				CLANG_CXX_LANGUAGE_STANDARD = "gnu++14";
				CLANG_CXX_LIBRARY = "libc++";
				CLANG_ENABLE_MODULES = YES;
				CLANG_ENABLE_OBJC_ARC = YES;
				CLANG_ENABLE_OBJC_WEAK = YES;
				CLANG_WARN_BLOCK_CAPTURE_AUTORELEASING = YES;
				CLANG_WARN_BOOL_CONVERSION = YES;
				CLANG_WARN_COMMA = YES;
				CLANG_WARN_CONSTANT_CONVERSION = YES;
				CLANG_WARN_DEPRECATED_OBJC_IMPLEMENTATIONS = YES;
				CLANG_WARN_DIRECT_OBJC_ISA_USAGE = YES_ERROR;
				CLANG_WARN_DOCUMENTATION_COMMENTS = YES;
				CLANG_WARN_EMPTY_BODY = YES;
				CLANG_WARN_ENUM_CONVERSION = YES;
				CLANG_WARN_INFINITE_RECURSION = YES;
				CLANG_WARN_INT_CONVERSION = YES;
				CLANG_WARN_NON_LITERAL_NULL_CONVERSION = YES;
				CLANG_WARN_OBJC_IMPLICIT_RETAIN_SELF = YES;
				CLANG_WARN_OBJC_LITERAL_CONVERSION = YES;
				CLANG_WARN_OBJC_ROOT_CLASS = YES_ERROR;
				CLANG_WARN_RANGE_LOOP_ANALYSIS = YES;
				CLANG_WARN_STRICT_PROTOTYPES = YES;
				CLANG_WARN_SUSPICIOUS_MOVE = YES;
				CLANG_WARN_UNGUARDED_AVAILABILITY = YES_AGGRESSIVE;
				CLANG_WARN_UNREACHABLE_CODE = YES;
				CLANG_WARN__DUPLICATE_METHOD_MATCH = YES;
				COPY_PHASE_STRIP = NO;
				DEBUG_INFORMATION_FORMAT = "dwarf-with-dsym";
				ENABLE_NS_ASSERTIONS = NO;
				ENABLE_STRICT_OBJC_MSGSEND = YES;
				GCC_C_LANGUAGE_STANDARD = gnu11;
				GCC_NO_COMMON_BLOCKS = YES;
				GCC_WARN_64_TO_32_BIT_CONVERSION = YES;
				GCC_WARN_ABOUT_RETURN_TYPE = YES_ERROR;
				GCC_WARN_UNDECLARED_SELECTOR = YES;
				GCC_WARN_UNINITIALIZED_AUTOS = YES_AGGRESSIVE;
				GCC_WARN_UNUSED_FUNCTION = YES;
				GCC_WARN_UNUSED_VARIABLE = YES;
				IPHONEOS_DEPLOYMENT_TARGET = 13.2;
				MTL_ENABLE_DEBUG_INFO = NO;
				MTL_FAST_MATH = YES;
				SDKROOT = iphoneos;
				SWIFT_COMPILATION_MODE = wholemodule;
				SWIFT_OPTIMIZATION_LEVEL = "-O";
				VALIDATE_PRODUCT = YES;
			};
			name = Release;
		};
		DD8FC5B323A89FFE00A9B60F /* Debug */ = {
			isa = XCBuildConfiguration;
			baseConfigurationReference = A33B6CCCBBF0466D5C33006C /* Pods-FontChecker.debug.xcconfig */;
			buildSettings = {
				ASSETCATALOG_COMPILER_APPICON_NAME = AppIcon;
				CODE_SIGN_STYLE = Automatic;
				DEVELOPMENT_TEAM = 6U8M4ASV96;
				INFOPLIST_FILE = FontChecker/Supports/Info.plist;
				IPHONEOS_DEPLOYMENT_TARGET = 13.0;
				LD_RUNPATH_SEARCH_PATHS = (
					"$(inherited)",
					"@executable_path/Frameworks",
				);
				PRODUCT_BUNDLE_IDENTIFIER = com.hyopangworld.FontChecker;
				PRODUCT_NAME = "$(TARGET_NAME)";
				SWIFT_VERSION = 5.0;
				TARGETED_DEVICE_FAMILY = 1;
			};
			name = Debug;
		};
		DD8FC5B423A89FFE00A9B60F /* Release */ = {
			isa = XCBuildConfiguration;
			baseConfigurationReference = 162E27229BF8D5D9DC495963 /* Pods-FontChecker.release.xcconfig */;
			buildSettings = {
				ASSETCATALOG_COMPILER_APPICON_NAME = AppIcon;
				CODE_SIGN_STYLE = Automatic;
				DEVELOPMENT_TEAM = 6U8M4ASV96;
				INFOPLIST_FILE = FontChecker/Supports/Info.plist;
				IPHONEOS_DEPLOYMENT_TARGET = 13.0;
				LD_RUNPATH_SEARCH_PATHS = (
					"$(inherited)",
					"@executable_path/Frameworks",
				);
				PRODUCT_BUNDLE_IDENTIFIER = com.hyopangworld.FontChecker;
				PRODUCT_NAME = "$(TARGET_NAME)";
				SWIFT_VERSION = 5.0;
				TARGETED_DEVICE_FAMILY = 1;
			};
			name = Release;
		};
		DD8FC5B623A89FFE00A9B60F /* Debug */ = {
			isa = XCBuildConfiguration;
			baseConfigurationReference = 03155E694E8A694D73468AA5 /* Pods-FontCheckerTests.debug.xcconfig */;
			buildSettings = {
				ALWAYS_EMBED_SWIFT_STANDARD_LIBRARIES = YES;
				BUNDLE_LOADER = "$(TEST_HOST)";
				CODE_SIGN_STYLE = Automatic;
				DEVELOPMENT_TEAM = 6U8M4ASV96;
				INFOPLIST_FILE = FontCheckerTests/Info.plist;
				IPHONEOS_DEPLOYMENT_TARGET = 13.2;
				LD_RUNPATH_SEARCH_PATHS = (
					"$(inherited)",
					"@executable_path/Frameworks",
					"@loader_path/Frameworks",
				);
				PRODUCT_BUNDLE_IDENTIFIER = com.hyopangworld.FontCheckerTests;
				PRODUCT_NAME = "$(TARGET_NAME)";
				SWIFT_VERSION = 5.0;
				TARGETED_DEVICE_FAMILY = "1,2";
				TEST_HOST = "$(BUILT_PRODUCTS_DIR)/FontChecker.app/FontChecker";
			};
			name = Debug;
		};
		DD8FC5B723A89FFE00A9B60F /* Release */ = {
			isa = XCBuildConfiguration;
			baseConfigurationReference = C1E5154C9AA2C55E57D0C8AC /* Pods-FontCheckerTests.release.xcconfig */;
			buildSettings = {
				ALWAYS_EMBED_SWIFT_STANDARD_LIBRARIES = YES;
				BUNDLE_LOADER = "$(TEST_HOST)";
				CODE_SIGN_STYLE = Automatic;
				DEVELOPMENT_TEAM = 6U8M4ASV96;
				INFOPLIST_FILE = FontCheckerTests/Info.plist;
				IPHONEOS_DEPLOYMENT_TARGET = 13.2;
				LD_RUNPATH_SEARCH_PATHS = (
					"$(inherited)",
					"@executable_path/Frameworks",
					"@loader_path/Frameworks",
				);
				PRODUCT_BUNDLE_IDENTIFIER = com.hyopangworld.FontCheckerTests;
				PRODUCT_NAME = "$(TARGET_NAME)";
				SWIFT_VERSION = 5.0;
				TARGETED_DEVICE_FAMILY = "1,2";
				TEST_HOST = "$(BUILT_PRODUCTS_DIR)/FontChecker.app/FontChecker";
			};
			name = Release;
		};
		DD8FC5B923A89FFE00A9B60F /* Debug */ = {
			isa = XCBuildConfiguration;
			baseConfigurationReference = 5C1227A44C1DA9ABE60A07A3 /* Pods-FontChecker-FontCheckerUITests.debug.xcconfig */;
			buildSettings = {
				ALWAYS_EMBED_SWIFT_STANDARD_LIBRARIES = YES;
				CODE_SIGN_STYLE = Automatic;
				DEVELOPMENT_TEAM = 6U8M4ASV96;
				INFOPLIST_FILE = FontCheckerUITests/Info.plist;
				LD_RUNPATH_SEARCH_PATHS = (
					"$(inherited)",
					"@executable_path/Frameworks",
					"@loader_path/Frameworks",
				);
				PRODUCT_BUNDLE_IDENTIFIER = com.hyopangworld.FontCheckerUITests;
				PRODUCT_NAME = "$(TARGET_NAME)";
				SWIFT_VERSION = 5.0;
				TARGETED_DEVICE_FAMILY = "1,2";
				TEST_TARGET_NAME = FontChecker;
			};
			name = Debug;
		};
		DD8FC5BA23A89FFE00A9B60F /* Release */ = {
			isa = XCBuildConfiguration;
			baseConfigurationReference = 7A84A345651D9DD5BA0CE4E4 /* Pods-FontChecker-FontCheckerUITests.release.xcconfig */;
			buildSettings = {
				ALWAYS_EMBED_SWIFT_STANDARD_LIBRARIES = YES;
				CODE_SIGN_STYLE = Automatic;
				DEVELOPMENT_TEAM = 6U8M4ASV96;
				INFOPLIST_FILE = FontCheckerUITests/Info.plist;
				LD_RUNPATH_SEARCH_PATHS = (
					"$(inherited)",
					"@executable_path/Frameworks",
					"@loader_path/Frameworks",
				);
				PRODUCT_BUNDLE_IDENTIFIER = com.hyopangworld.FontCheckerUITests;
				PRODUCT_NAME = "$(TARGET_NAME)";
				SWIFT_VERSION = 5.0;
				TARGETED_DEVICE_FAMILY = "1,2";
				TEST_TARGET_NAME = FontChecker;
			};
			name = Release;
		};
/* End XCBuildConfiguration section */

/* Begin XCConfigurationList section */
		DD8FC58323A89FFD00A9B60F /* Build configuration list for PBXProject "FontChecker" */ = {
			isa = XCConfigurationList;
			buildConfigurations = (
				DD8FC5B023A89FFE00A9B60F /* Debug */,
				DD8FC5B123A89FFE00A9B60F /* Release */,
			);
			defaultConfigurationIsVisible = 0;
			defaultConfigurationName = Release;
		};
		DD8FC5B223A89FFE00A9B60F /* Build configuration list for PBXNativeTarget "FontChecker" */ = {
			isa = XCConfigurationList;
			buildConfigurations = (
				DD8FC5B323A89FFE00A9B60F /* Debug */,
				DD8FC5B423A89FFE00A9B60F /* Release */,
			);
			defaultConfigurationIsVisible = 0;
			defaultConfigurationName = Release;
		};
		DD8FC5B523A89FFE00A9B60F /* Build configuration list for PBXNativeTarget "FontCheckerTests" */ = {
			isa = XCConfigurationList;
			buildConfigurations = (
				DD8FC5B623A89FFE00A9B60F /* Debug */,
				DD8FC5B723A89FFE00A9B60F /* Release */,
			);
			defaultConfigurationIsVisible = 0;
			defaultConfigurationName = Release;
		};
		DD8FC5B823A89FFE00A9B60F /* Build configuration list for PBXNativeTarget "FontCheckerUITests" */ = {
			isa = XCConfigurationList;
			buildConfigurations = (
				DD8FC5B923A89FFE00A9B60F /* Debug */,
				DD8FC5BA23A89FFE00A9B60F /* Release */,
			);
			defaultConfigurationIsVisible = 0;
			defaultConfigurationName = Release;
		};
/* End XCConfigurationList section */
	};
	rootObject = DD8FC58023A89FFD00A9B60F /* Project object */;
}
